version: 2.0
shards:
  ameba:
    git: https://github.com/crystal-ameba/ameba.git
    version: 1.7.0-dev+git.commit.94ff379e8f3b5677944ab9a97a01aebcfadc2fc1

  baked_file_system:
    git: https://github.com/ralsina/baked_file_system.git
    version: 0.10.0+git.commit.beb373124c7a235cfb9cd94e36849d8168eaa04b

  base58:
    git: https://github.com/crystal-china/base58.cr.git
    version: 0.1.0+git.commit.f7193c497efff614cf87b03f0bd07741915a592f

  crimage:
    git: https://github.com/naqvis/crimage.git
    version: 1.0.2+git.commit.0bab3ccf53a6a4e9a6da3a13411bdfc5e930556d

  docopt:
    git: https://github.com/ralsina/docopt.cr.git
    version: 0.3.1

  liquid:
    git: https://github.com/kritoke/liquid.cr.git
    version: 0.4.1+git.commit.dca546c998384e023d3864cb9b7f1178e7899b95

  markd:
    git: https://github.com/icyleaf/markd.git
    version: 0.5.0

  sassd:
    git: https://github.com/kritoke/sassd.cr.git
    version: 0.2.0

  serve:
    git: https://github.com/superpaintman/serve.git
    version: 0.1.1

  sixteen:
    git: https://github.com/ralsina/sixteen.git
    version: 0.6.3

  tartrazine:
    git: https://github.com/ralsina/tartrazine.git
    version: 0.20.0

